
Microsoft Visual Studio Solution File, Format Version 12.00
# Visual Studio Version 17
VisualStudioVersion = 17.11.35222.181
MinimumVisualStudioVersion = 10.0.40219.1
Project("{9A19103F-16F7-4668-BE54-9A1E7A4F7556}") = "Blog", "Blog.csproj", "{FCCC92E9-0B49-4D70-B006-062703C88873}"
EndProject
Project("{9A19103F-16F7-4668-BE54-9A1E7A4F7556}") = "BlogAPI", "..\BlogAPI\BlogAPI.csproj", "{262EE926-7C3C-45FA-A1B1-173A3647EC18}"
EndProject
Global
	GlobalSection(SolutionConfigurationPlatforms) = preSolution
		Debug|Any CPU = Debug|Any CPU
		Release|Any CPU = Release|Any CPU
	EndGlobalSection
	GlobalSection(ProjectConfigurationPlatforms) = postSolution
		{FCCC92E9-0B49-4D70-B006-062703C88873}.Debug|Any CPU.ActiveCfg = Debug|Any CPU
		{FCCC92E9-0B49-4D70-B006-062703C88873}.Debug|Any CPU.Build.0 = Debug|Any CPU
		{FCCC92E9-0B49-4D70-B006-062703C88873}.Release|Any CPU.ActiveCfg = Release|Any CPU
		{FCCC92E9-0B49-4D70-B006-062703C88873}.Release|Any CPU.Build.0 = Release|Any CPU
		{262EE926-7C3C-45FA-A1B1-173A3647EC18}.Debug|Any CPU.ActiveCfg = Debug|Any CPU
		{262EE926-7C3C-45FA-A1B1-173A3647EC18}.Debug|Any CPU.Build.0 = Debug|Any CPU
		{262EE926-7C3C-45FA-A1B1-173A3647EC18}.Release|Any CPU.ActiveCfg = Release|Any CPU
		{262EE926-7C3C-45FA-A1B1-173A3647EC18}.Release|Any CPU.Build.0 = Release|Any CPU
	EndGlobalSection
	GlobalSection(SolutionProperties) = preSolution
		HideSolutionNode = FALSE
	EndGlobalSection
	GlobalSection(ExtensibilityGlobals) = postSolution
		SolutionGuid = {F225BB2D-41C8-4054-9A6D-F65900B460A0}
	EndGlobalSection
EndGlobal
