
Microsoft Visual Studio Solution File, Format Version 12.00
# Visual Studio Version 17
VisualStudioVersion = 17.11.35222.181
MinimumVisualStudioVersion = 10.0.40219.1
Project("{9A19103F-16F7-4668-BE54-9A1E7A4F7556}") = "MinhaApi", "MinhaApi.csproj", "{ED8E236A-66DA-4F3F-9890-8208795FCF8B}"
EndProject
Global
	GlobalSection(SolutionConfigurationPlatforms) = preSolution
		Debug|Any CPU = Debug|Any CPU
		Release|Any CPU = Release|Any CPU
	EndGlobalSection
	GlobalSection(ProjectConfigurationPlatforms) = postSolution
		{ED8E236A-66DA-4F3F-9890-8208795FCF8B}.Debug|Any CPU.ActiveCfg = Debug|Any CPU
		{ED8E236A-66DA-4F3F-9890-8208795FCF8B}.Debug|Any CPU.Build.0 = Debug|Any CPU
		{ED8E236A-66DA-4F3F-9890-8208795FCF8B}.Release|Any CPU.ActiveCfg = Release|Any CPU
		{ED8E236A-66DA-4F3F-9890-8208795FCF8B}.Release|Any CPU.Build.0 = Release|Any CPU
	EndGlobalSection
	GlobalSection(SolutionProperties) = preSolution
		HideSolutionNode = FALSE
	EndGlobalSection
	GlobalSection(ExtensibilityGlobals) = postSolution
		SolutionGuid = {9D88A445-70F7-4C60-8944-F511796F1635}
	EndGlobalSection
EndGlobal
